{
  "object": {
    "pins": [
      {
        "package": "PryntTrimmerView",
        "repositoryURL": "https://github.com/rewardStyle/PryntTrimmerView",
        "state": {
          "branch": null,
          "revision": "59379933130df86e35b6f6a60aefa7262368854a",
          "version": "4.0.4"
        }
      },
      {
        "package": "Stevia",
        "repositoryURL": "https://github.com/freshOS/Stevia",
        "state": {
          "branch": null,
          "revision": "cfb1a1d2159277bb553c3dc46f3f742c0275566d",
          "version": "5.1.2"
        }
      }
    ]
  },
  "version": 1
}
